<Solution>
  <Project Path="Atividade2/Atividade2.csproj" Id="8777cc66-06f1-4a86-8a7a-eb52a38789f2" />
  <Project Path="Atividade3/Atividade3.csproj" Id="85011d1d-dbec-4479-a499-894e7c155d54" />
  <Project Path="Atividade4/Atividade4.csproj" Id="d7431641-3c6c-4b06-84a2-eab9e123e887" />
  <Project Path="Atividade5/Atividade5.csproj" Id="d3afde20-4ad6-4742-b127-b97a10758eec" />
  <Project Path="AtividadesAulaC#/AtividadesAulaC#.csproj" />
</Solution>
